
Microsoft Visual Studio Solution File, Format Version 12.00
# Visual Studio Version 16
VisualStudioVersion = 16.0.31624.102
MinimumVisualStudioVersion = 10.0.40219.1
Project("{9A19103F-16F7-4668-BE54-9A1E7A4F7556}") = "Benchmarks", "Benchmarks\Benchmarks.csproj", "{9412968B-82CA-4333-B23C-6CF097624C3B}"
EndProject
Global
	GlobalSection(SolutionConfigurationPlatforms) = preSolution
		Debug|Any CPU = Debug|Any CPU
		Release|Any CPU = Release|Any CPU
	EndGlobalSection
	GlobalSection(ProjectConfigurationPlatforms) = postSolution
		{9412968B-82CA-4333-B23C-6CF097624C3B}.Debug|Any CPU.ActiveCfg = Debug|Any CPU
		{9412968B-82CA-4333-B23C-6CF097624C3B}.Debug|Any CPU.Build.0 = Debug|Any CPU
		{9412968B-82CA-4333-B23C-6CF097624C3B}.Release|Any CPU.ActiveCfg = Release|Any CPU
		{9412968B-82CA-4333-B23C-6CF097624C3B}.Release|Any CPU.Build.0 = Release|Any CPU
	EndGlobalSection
	GlobalSection(SolutionProperties) = preSolution
		HideSolutionNode = FALSE
	EndGlobalSection
	GlobalSection(ExtensibilityGlobals) = postSolution
		SolutionGuid = {20192A8A-AECD-4062-9109-C8F0B745469F}
	EndGlobalSection
EndGlobal
